Microsoft Visual Studio Solution File, Format Version 12.00
# Visual Studio Version 17
VisualStudioVersion = 17.5.2.0
MinimumVisualStudioVersion = 10.0.40219.1
Project("{FAE04EC0-301F-11D3-BF4B-00C04F79EFBC}") = "MetricsOOP", "MetricsOOP\MetricsOOP.csproj", "{AD4EE98F-E4A4-8500-E87D-15F4FE6A02C5}"
EndProject
Project("{FAE04EC0-301F-11D3-BF4B-00C04F79EFBC}") = "MetricsOOP.Tests", "MetricsOOP.Tests\MetricsOOP.Tests.csproj", "{5B7A92A5-4669-40D9-B2A2-AF9FA5AF1204}"
EndProject
Global
	GlobalSection(SolutionConfigurationPlatforms) = preSolution
		Debug|Any CPU = Debug|Any CPU
		Release|Any CPU = Release|Any CPU
	EndGlobalSection
	GlobalSection(ProjectConfigurationPlatforms) = postSolution
		{AD4EE98F-E4A4-8500-E87D-15F4FE6A02C5}.Debug|Any CPU.ActiveCfg = Debug|Any CPU
		{AD4EE98F-E4A4-8500-E87D-15F4FE6A02C5}.Debug|Any CPU.Build.0 = Debug|Any CPU
		{AD4EE98F-E4A4-8500-E87D-15F4FE6A02C5}.Release|Any CPU.ActiveCfg = Release|Any CPU
		{AD4EE98F-E4A4-8500-E87D-15F4FE6A02C5}.Release|Any CPU.Build.0 = Release|Any CPU
		{5B7A92A5-4669-40D9-B2A2-AF9FA5AF1204}.Debug|Any CPU.ActiveCfg = Debug|Any CPU
		{5B7A92A5-4669-40D9-B2A2-AF9FA5AF1204}.Debug|Any CPU.Build.0 = Debug|Any CPU
		{5B7A92A5-4669-40D9-B2A2-AF9FA5AF1204}.Release|Any CPU.ActiveCfg = Release|Any CPU
		{5B7A92A5-4669-40D9-B2A2-AF9FA5AF1204}.Release|Any CPU.Build.0 = Release|Any CPU
	EndGlobalSection
	GlobalSection(SolutionProperties) = preSolution
		HideSolutionNode = FALSE
	EndGlobalSection
	GlobalSection(ExtensibilityGlobals) = postSolution
		SolutionGuid = {E301BFA4-98E5-45DD-AA14-15183A9DD60F}
	EndGlobalSection
EndGlobal
